# THIS IS AN AUTOGENERATED FILE. DO NOT EDIT THIS FILE DIRECTLY.
# yarn lockfile v1


"@types/chess.js@^0.13.7":
  version "0.13.7"
  resolved "https://registry.yarnpkg.com/@types/chess.js/-/chess.js-0.13.7.tgz#2fe36ae547b2dbacd7696238433354facb556c24"
  integrity sha512-o9TeeBdFXelFJXOD9+6sT6bbpBvWG0ZbpOnlIyUNXBjewh7xoFS0+BifGc71T45D5E952io3i8dDsaN6hnLaxw==

"@types/node@*":
  version "22.3.0"
  resolved "https://registry.yarnpkg.com/@types/node/-/node-22.3.0.tgz#7f8da0e2b72c27c4f9bd3cb5ef805209d04d4f9e"
  integrity sha512-nrWpWVaDZuaVc5X84xJ0vNrLvomM205oQyLsRt7OHNZbSHslcWsvgFR7O7hire2ZonjLrWBbedmotmIlJDVd6g==
  dependencies:
    undici-types "~6.18.2"

"@types/ws@^8.5.12":
  version "8.5.12"
  resolved "https://registry.yarnpkg.com/@types/ws/-/ws-8.5.12.tgz#619475fe98f35ccca2a2f6c137702d85ec247b7e"
  integrity sha512-3tPRkv1EtkDpzlgyKyI8pGsGZAGPEaXeu0DOj5DI25Ja91bdAYddYHbADRYVrZMRbfW+1l5YwXVDKohDJNQxkQ==
  dependencies:
    "@types/node" "*"

chess.js@^1.0.0-beta.8:
  version "1.0.0-beta.8"
  resolved "https://registry.yarnpkg.com/chess.js/-/chess.js-1.0.0-beta.8.tgz#be5e73eabd49e272f41d26bc7fddc93cbcda912f"
  integrity sha512-UngzUMXmexcQaQA/UEJuJj5vatEy34awYMD5YMOp/FW3HM7lqspp7ymYs5JAmquDq0WROtURRfSffoa/vrCCyw==

chess@^1.2.2:
  version "1.2.2"
  resolved "https://registry.yarnpkg.com/chess/-/chess-1.2.2.tgz#943124e99e0981ed1e09a5fa551f6e273ee80d24"
  integrity sha512-OL0odmxKI6sKPC3j6nvrZ6oy1EmMJQq8ipwi8WiJ4thuA3HOFZJNiVCFmZvdnFx+FmuvxjVAfq5EzqD0eMLHrA==
  dependencies:
    crypto-js "^4.2.0"

crypto-js@^4.2.0:
  version "4.2.0"
  resolved "https://registry.yarnpkg.com/crypto-js/-/crypto-js-4.2.0.tgz#4d931639ecdfd12ff80e8186dba6af2c2e856631"
  integrity sha512-KALDyEYgpY+Rlob/iriUtjV6d5Eq+Y191A5g4UqLAi8CyGP9N1+FdVbkc1SxKc2r4YAYqG8JzO2KGL+AizD70Q==

typescript@^5.5.4:
  version "5.5.4"
  resolved "https://registry.yarnpkg.com/typescript/-/typescript-5.5.4.tgz#d9852d6c82bad2d2eda4fd74a5762a8f5909e9ba"
  integrity sha512-Mtq29sKDAEYP7aljRgtPOpTvOfbwRWlS6dPRzwjdE+C0R4brX/GUyhHSecbHMFLNBLcJIPt9nl9yG5TZ1weH+Q==

undici-types@~6.18.2:
  version "6.18.2"
  resolved "https://registry.yarnpkg.com/undici-types/-/undici-types-6.18.2.tgz#8b678cf939d4fc9ec56be3c68ed69c619dee28b0"
  integrity sha512-5ruQbENj95yDYJNS3TvcaxPMshV7aizdv/hWYjGIKoANWKjhWNBsr2YEuYZKodQulB1b8l7ILOuDQep3afowQQ==

ws@^8.18.0:
  version "8.18.0"
  resolved "https://registry.yarnpkg.com/ws/-/ws-8.18.0.tgz#0d7505a6eafe2b0e712d232b42279f53bc289bbc"
  integrity sha512-8VbfWfHLbbwu3+N6OKsOMpBdT4kXPDDB9cJk2bJ6mh9ucxdlnNvH1e+roYkKmN9Nxw2yjz7VzeO9oOz2zJ04Pw==
